
Microsoft Visual Studio Solution File, Format Version 12.00
# Visual Studio 2013
VisualStudioVersion = 12.0.31101.0
MinimumVisualStudioVersion = 10.0.40219.1
Project("{8BC9CEB8-8B4A-11D0-8D11-00A0C91BC942}") = "stm32IRconfig_gui", "stm32IRconfig_gui.vcxproj", "{08769AC3-785A-4DDC-BFC7-1775414B7AB7}"
EndProject
Project("{2150E333-8FDC-42A3-9474-1A3956D46DE8}") = "Solution Items", "Solution Items", "{445076EA-6CB0-46AF-8979-A2292F5347DE}"
EndProject
Global
	GlobalSection(SolutionConfigurationPlatforms) = preSolution
		Debug|Win32 = Debug|Win32
		Release|Win32 = Release|Win32
	EndGlobalSection
	GlobalSection(ProjectConfigurationPlatforms) = postSolution
		{08769AC3-785A-4DDC-BFC7-1775414B7AB7}.Debug|Win32.ActiveCfg = Debug|Win32
		{08769AC3-785A-4DDC-BFC7-1775414B7AB7}.Debug|Win32.Build.0 = Debug|Win32
		{08769AC3-785A-4DDC-BFC7-1775414B7AB7}.Release|Win32.ActiveCfg = Release|Win32
		{08769AC3-785A-4DDC-BFC7-1775414B7AB7}.Release|Win32.Build.0 = Release|Win32
	EndGlobalSection
	GlobalSection(SolutionProperties) = preSolution
		HideSolutionNode = FALSE
	EndGlobalSection
EndGlobal
