
Microsoft Visual Studio Solution File, Format Version 12.00
# Visual Studio 2013
VisualStudioVersion = 12.0.31101.0
MinimumVisualStudioVersion = 10.0.40219.1
Project("{8BC9CEB8-8B4A-11D0-8D11-00A0C91BC942}") = "adie", "adie\adie.vcxproj", "{989263B6-395C-4EEE-9788-0B615B5D1657}"
EndProject
Project("{8BC9CEB8-8B4A-11D0-8D11-00A0C91BC942}") = "bitmapviewer", "bitmapviewer\bitmapviewer.vcxproj", "{046B3B6B-825E-4179-8D0E-143DDAC51FC1}"
EndProject
Project("{8BC9CEB8-8B4A-11D0-8D11-00A0C91BC942}") = "button", "button\button.vcxproj", "{3026C0F2-AE8A-4D69-9FBD-59947DF20BB5}"
EndProject
Project("{8BC9CEB8-8B4A-11D0-8D11-00A0C91BC942}") = "calculator", "calculator\calculator.vcxproj", "{F930A8A4-5263-4550-B45F-98072CB260A3}"
EndProject
Project("{8BC9CEB8-8B4A-11D0-8D11-00A0C91BC942}") = "chart", "chart\chart.vcxproj", "{645CE498-CD09-4F5F-83CF-9296CC620FCA}"
EndProject
Project("{8BC9CEB8-8B4A-11D0-8D11-00A0C91BC942}") = "datatarget", "datatarget\datatarget.vcxproj", "{CA96503F-7F2E-439B-B6F1-D54A18C950C3}"
EndProject
Project("{8BC9CEB8-8B4A-11D0-8D11-00A0C91BC942}") = "dctest", "dctest\dctest.vcxproj", "{922DD14B-3DA1-4372-9CD5-F437E8A4F165}"
EndProject
Project("{8BC9CEB8-8B4A-11D0-8D11-00A0C91BC942}") = "dialog", "dialog\dialog.vcxproj", "{0CC8B2FC-2AED-48FB-A153-CCFA0369B31A}"
EndProject
Project("{8BC9CEB8-8B4A-11D0-8D11-00A0C91BC942}") = "dirlist", "dirlist\dirlist.vcxproj", "{655C179A-8782-4487-B264-6B9CAA2CE86C}"
EndProject
Project("{8BC9CEB8-8B4A-11D0-8D11-00A0C91BC942}") = "expression", "expression\expression.vcxproj", "{C00E46C6-9B00-49B6-A0BE-EE75BF33AFA7}"
EndProject
Project("{8BC9CEB8-8B4A-11D0-8D11-00A0C91BC942}") = "format", "format\format.vcxproj", "{E9405741-D20D-4891-9864-C94B1B41761C}"
EndProject
Project("{8BC9CEB8-8B4A-11D0-8D11-00A0C91BC942}") = "foursplit", "foursplit\foursplit.vcxproj", "{A0F1F95B-9B6F-43B2-BD1F-509DD138FC3A}"
EndProject
Project("{8BC9CEB8-8B4A-11D0-8D11-00A0C91BC942}") = "fox", "fox\fox.vcxproj", "{F9B16000-8A41-4A18-A602-8E1CA609C6B3}"
EndProject
Project("{8BC9CEB8-8B4A-11D0-8D11-00A0C91BC942}") = "foxdll", "foxdll\foxdll.vcxproj", "{E7D803BC-9B77-4D90-B1E1-E7FAE7F6AEAA}"
EndProject
Project("{8BC9CEB8-8B4A-11D0-8D11-00A0C91BC942}") = "gltest", "gltest\gltest.vcxproj", "{A8340A1E-F673-453F-AA69-CE210BD93362}"
EndProject
Project("{8BC9CEB8-8B4A-11D0-8D11-00A0C91BC942}") = "glviewer", "glviewer\glviewer.vcxproj", "{74205288-F0ED-45CA-948D-A0C715C1AAEA}"
EndProject
Project("{8BC9CEB8-8B4A-11D0-8D11-00A0C91BC942}") = "groupbox", "groupbox\groupbox.vcxproj", "{CE982568-9C81-45CC-BBBE-9BBB4BDAB9B9}"
EndProject
Project("{8BC9CEB8-8B4A-11D0-8D11-00A0C91BC942}") = "header", "header\header.vcxproj", "{DAEF9BE6-E1DB-4A64-B5B0-DE29C1A1854C}"
EndProject
Project("{8BC9CEB8-8B4A-11D0-8D11-00A0C91BC942}") = "hello", "hello\hello.vcxproj", "{C4A0F34A-853D-4EDC-995B-5C23F1AB784F}"
EndProject
Project("{8BC9CEB8-8B4A-11D0-8D11-00A0C91BC942}") = "hello2", "hello2\hello2.vcxproj", "{D3579D8B-235F-4636-B9C9-F992C406D57D}"
EndProject
Project("{8BC9CEB8-8B4A-11D0-8D11-00A0C91BC942}") = "iconlist", "iconlist\iconlist.vcxproj", "{966B5C87-DE47-47AE-939D-496D70036C50}"
EndProject
Project("{8BC9CEB8-8B4A-11D0-8D11-00A0C91BC942}") = "image", "image\image.vcxproj", "{588722F3-F06F-4BEB-A8E5-71A72FDFB5A6}"
EndProject
Project("{8BC9CEB8-8B4A-11D0-8D11-00A0C91BC942}") = "imageviewer", "imageviewer\imageviewer.vcxproj", "{BFC58329-0E17-41AC-81A5-EE3328E979D8}"
EndProject
Project("{8BC9CEB8-8B4A-11D0-8D11-00A0C91BC942}") = "layout", "layout\layout.vcxproj", "{3C506794-32CB-431B-A984-E07FD64A0BD2}"
EndProject
Project("{8BC9CEB8-8B4A-11D0-8D11-00A0C91BC942}") = "mditest", "mditest\mditest.vcxproj", "{55DE8981-D1C0-423D-BAA5-60B3E1E5C47F}"
EndProject
Project("{8BC9CEB8-8B4A-11D0-8D11-00A0C91BC942}") = "memmap", "memmap\memmap.vcxproj", "{93B837AD-AD5A-4FD7-BF91-54390126C987}"
EndProject
Project("{8BC9CEB8-8B4A-11D0-8D11-00A0C91BC942}") = "minheritance", "minheritance\minheritance.vcxproj", "{6D614A32-96D2-458F-9D96-1112537682CA}"
EndProject
Project("{8BC9CEB8-8B4A-11D0-8D11-00A0C91BC942}") = "pathfinder", "pathfinder\pathfinder.vcxproj", "{A0CE9D0C-EE4C-4AA8-863B-DD293EBBDFCC}"
EndProject
Project("{8BC9CEB8-8B4A-11D0-8D11-00A0C91BC942}") = "ratio", "ratio\ratio.vcxproj", "{FAE1A853-61DE-4BA4-A2D7-B88CD7AD7A4C}"
EndProject
Project("{8BC9CEB8-8B4A-11D0-8D11-00A0C91BC942}") = "reswrap", "reswrap\reswrap.vcxproj", "{2BC56A24-C06B-4D32-863E-61BC4C37B368}"
EndProject
Project("{8BC9CEB8-8B4A-11D0-8D11-00A0C91BC942}") = "scribble", "scribble\scribble.vcxproj", "{E2FB7EA0-C4ED-4634-997B-4B0637E2049D}"
EndProject
Project("{8BC9CEB8-8B4A-11D0-8D11-00A0C91BC942}") = "shutter", "shutter\shutter.vcxproj", "{5E8C2C83-BA71-4500-BEB0-E5C07E4B7DE4}"
EndProject
Project("{8BC9CEB8-8B4A-11D0-8D11-00A0C91BC942}") = "shutterbug", "shutterbug\shutterbug.vcxproj", "{799D9748-F855-4EE8-ACFA-9CE02F33EE13}"
EndProject
Project("{8BC9CEB8-8B4A-11D0-8D11-00A0C91BC942}") = "splitter", "splitter\splitter.vcxproj", "{75A5E25F-89D1-47F4-BE4F-5D548AA9FB9F}"
EndProject
Project("{8BC9CEB8-8B4A-11D0-8D11-00A0C91BC942}") = "switcher", "switcher\switcher.vcxproj", "{801FDF6D-DC23-4C5F-92AB-5B7A632EB172}"
EndProject
Project("{8BC9CEB8-8B4A-11D0-8D11-00A0C91BC942}") = "tabbook", "tabbook\tabbook.vcxproj", "{91F93763-2515-4C7D-8921-1E71E2E639E6}"
EndProject
Project("{8BC9CEB8-8B4A-11D0-8D11-00A0C91BC942}") = "table", "table\table.vcxproj", "{0124D782-56DE-4AF0-88D3-B94E5FED2AE9}"
EndProject
Project("{8BC9CEB8-8B4A-11D0-8D11-00A0C91BC942}") = "wizard", "wizard\wizard.vcxproj", "{42BD8D7A-5458-40A4-898D-AB083E141F91}"
EndProject
Global
	GlobalSection(SolutionConfigurationPlatforms) = preSolution
		Debug|Win32 = Debug|Win32
		Release|Win32 = Release|Win32
	EndGlobalSection
	GlobalSection(ProjectConfigurationPlatforms) = postSolution
		{989263B6-395C-4EEE-9788-0B615B5D1657}.Debug|Win32.ActiveCfg = Debug|Win32
		{989263B6-395C-4EEE-9788-0B615B5D1657}.Debug|Win32.Build.0 = Debug|Win32
		{989263B6-395C-4EEE-9788-0B615B5D1657}.Release|Win32.ActiveCfg = Release|Win32
		{989263B6-395C-4EEE-9788-0B615B5D1657}.Release|Win32.Build.0 = Release|Win32
		{046B3B6B-825E-4179-8D0E-143DDAC51FC1}.Debug|Win32.ActiveCfg = Debug|Win32
		{046B3B6B-825E-4179-8D0E-143DDAC51FC1}.Debug|Win32.Build.0 = Debug|Win32
		{046B3B6B-825E-4179-8D0E-143DDAC51FC1}.Release|Win32.ActiveCfg = Release|Win32
		{046B3B6B-825E-4179-8D0E-143DDAC51FC1}.Release|Win32.Build.0 = Release|Win32
		{3026C0F2-AE8A-4D69-9FBD-59947DF20BB5}.Debug|Win32.ActiveCfg = Debug|Win32
		{3026C0F2-AE8A-4D69-9FBD-59947DF20BB5}.Debug|Win32.Build.0 = Debug|Win32
		{3026C0F2-AE8A-4D69-9FBD-59947DF20BB5}.Release|Win32.ActiveCfg = Release|Win32
		{3026C0F2-AE8A-4D69-9FBD-59947DF20BB5}.Release|Win32.Build.0 = Release|Win32
		{F930A8A4-5263-4550-B45F-98072CB260A3}.Debug|Win32.ActiveCfg = Debug|Win32
		{F930A8A4-5263-4550-B45F-98072CB260A3}.Debug|Win32.Build.0 = Debug|Win32
		{F930A8A4-5263-4550-B45F-98072CB260A3}.Release|Win32.ActiveCfg = Release|Win32
		{F930A8A4-5263-4550-B45F-98072CB260A3}.Release|Win32.Build.0 = Release|Win32
		{645CE498-CD09-4F5F-83CF-9296CC620FCA}.Debug|Win32.ActiveCfg = Debug|Win32
		{645CE498-CD09-4F5F-83CF-9296CC620FCA}.Debug|Win32.Build.0 = Debug|Win32
		{645CE498-CD09-4F5F-83CF-9296CC620FCA}.Release|Win32.ActiveCfg = Release|Win32
		{645CE498-CD09-4F5F-83CF-9296CC620FCA}.Release|Win32.Build.0 = Release|Win32
		{CA96503F-7F2E-439B-B6F1-D54A18C950C3}.Debug|Win32.ActiveCfg = Debug|Win32
		{CA96503F-7F2E-439B-B6F1-D54A18C950C3}.Debug|Win32.Build.0 = Debug|Win32
		{CA96503F-7F2E-439B-B6F1-D54A18C950C3}.Release|Win32.ActiveCfg = Release|Win32
		{CA96503F-7F2E-439B-B6F1-D54A18C950C3}.Release|Win32.Build.0 = Release|Win32
		{922DD14B-3DA1-4372-9CD5-F437E8A4F165}.Debug|Win32.ActiveCfg = Debug|Win32
		{922DD14B-3DA1-4372-9CD5-F437E8A4F165}.Debug|Win32.Build.0 = Debug|Win32
		{922DD14B-3DA1-4372-9CD5-F437E8A4F165}.Release|Win32.ActiveCfg = Release|Win32
		{922DD14B-3DA1-4372-9CD5-F437E8A4F165}.Release|Win32.Build.0 = Release|Win32
		{0CC8B2FC-2AED-48FB-A153-CCFA0369B31A}.Debug|Win32.ActiveCfg = Debug|Win32
		{0CC8B2FC-2AED-48FB-A153-CCFA0369B31A}.Debug|Win32.Build.0 = Debug|Win32
		{0CC8B2FC-2AED-48FB-A153-CCFA0369B31A}.Release|Win32.ActiveCfg = Release|Win32
		{0CC8B2FC-2AED-48FB-A153-CCFA0369B31A}.Release|Win32.Build.0 = Release|Win32
		{655C179A-8782-4487-B264-6B9CAA2CE86C}.Debug|Win32.ActiveCfg = Debug|Win32
		{655C179A-8782-4487-B264-6B9CAA2CE86C}.Debug|Win32.Build.0 = Debug|Win32
		{655C179A-8782-4487-B264-6B9CAA2CE86C}.Release|Win32.ActiveCfg = Release|Win32
		{655C179A-8782-4487-B264-6B9CAA2CE86C}.Release|Win32.Build.0 = Release|Win32
		{C00E46C6-9B00-49B6-A0BE-EE75BF33AFA7}.Debug|Win32.ActiveCfg = Debug|Win32
		{C00E46C6-9B00-49B6-A0BE-EE75BF33AFA7}.Debug|Win32.Build.0 = Debug|Win32
		{C00E46C6-9B00-49B6-A0BE-EE75BF33AFA7}.Release|Win32.ActiveCfg = Release|Win32
		{C00E46C6-9B00-49B6-A0BE-EE75BF33AFA7}.Release|Win32.Build.0 = Release|Win32
		{E9405741-D20D-4891-9864-C94B1B41761C}.Debug|Win32.ActiveCfg = Debug|Win32
		{E9405741-D20D-4891-9864-C94B1B41761C}.Debug|Win32.Build.0 = Debug|Win32
		{E9405741-D20D-4891-9864-C94B1B41761C}.Release|Win32.ActiveCfg = Release|Win32
		{E9405741-D20D-4891-9864-C94B1B41761C}.Release|Win32.Build.0 = Release|Win32
		{A0F1F95B-9B6F-43B2-BD1F-509DD138FC3A}.Debug|Win32.ActiveCfg = Debug|Win32
		{A0F1F95B-9B6F-43B2-BD1F-509DD138FC3A}.Debug|Win32.Build.0 = Debug|Win32
		{A0F1F95B-9B6F-43B2-BD1F-509DD138FC3A}.Release|Win32.ActiveCfg = Release|Win32
		{A0F1F95B-9B6F-43B2-BD1F-509DD138FC3A}.Release|Win32.Build.0 = Release|Win32
		{F9B16000-8A41-4A18-A602-8E1CA609C6B3}.Debug|Win32.ActiveCfg = Debug|Win32
		{F9B16000-8A41-4A18-A602-8E1CA609C6B3}.Debug|Win32.Build.0 = Debug|Win32
		{F9B16000-8A41-4A18-A602-8E1CA609C6B3}.Release|Win32.ActiveCfg = Release|Win32
		{F9B16000-8A41-4A18-A602-8E1CA609C6B3}.Release|Win32.Build.0 = Release|Win32
		{E7D803BC-9B77-4D90-B1E1-E7FAE7F6AEAA}.Debug|Win32.ActiveCfg = Debug|Win32
		{E7D803BC-9B77-4D90-B1E1-E7FAE7F6AEAA}.Debug|Win32.Build.0 = Debug|Win32
		{E7D803BC-9B77-4D90-B1E1-E7FAE7F6AEAA}.Release|Win32.ActiveCfg = Release|Win32
		{E7D803BC-9B77-4D90-B1E1-E7FAE7F6AEAA}.Release|Win32.Build.0 = Release|Win32
		{A8340A1E-F673-453F-AA69-CE210BD93362}.Debug|Win32.ActiveCfg = Debug|Win32
		{A8340A1E-F673-453F-AA69-CE210BD93362}.Debug|Win32.Build.0 = Debug|Win32
		{A8340A1E-F673-453F-AA69-CE210BD93362}.Release|Win32.ActiveCfg = Release|Win32
		{A8340A1E-F673-453F-AA69-CE210BD93362}.Release|Win32.Build.0 = Release|Win32
		{74205288-F0ED-45CA-948D-A0C715C1AAEA}.Debug|Win32.ActiveCfg = Debug|Win32
		{74205288-F0ED-45CA-948D-A0C715C1AAEA}.Debug|Win32.Build.0 = Debug|Win32
		{74205288-F0ED-45CA-948D-A0C715C1AAEA}.Release|Win32.ActiveCfg = Release|Win32
		{74205288-F0ED-45CA-948D-A0C715C1AAEA}.Release|Win32.Build.0 = Release|Win32
		{CE982568-9C81-45CC-BBBE-9BBB4BDAB9B9}.Debug|Win32.ActiveCfg = Debug|Win32
		{CE982568-9C81-45CC-BBBE-9BBB4BDAB9B9}.Debug|Win32.Build.0 = Debug|Win32
		{CE982568-9C81-45CC-BBBE-9BBB4BDAB9B9}.Release|Win32.ActiveCfg = Release|Win32
		{CE982568-9C81-45CC-BBBE-9BBB4BDAB9B9}.Release|Win32.Build.0 = Release|Win32
		{DAEF9BE6-E1DB-4A64-B5B0-DE29C1A1854C}.Debug|Win32.ActiveCfg = Debug|Win32
		{DAEF9BE6-E1DB-4A64-B5B0-DE29C1A1854C}.Debug|Win32.Build.0 = Debug|Win32
		{DAEF9BE6-E1DB-4A64-B5B0-DE29C1A1854C}.Release|Win32.ActiveCfg = Release|Win32
		{DAEF9BE6-E1DB-4A64-B5B0-DE29C1A1854C}.Release|Win32.Build.0 = Release|Win32
		{C4A0F34A-853D-4EDC-995B-5C23F1AB784F}.Debug|Win32.ActiveCfg = Debug|Win32
		{C4A0F34A-853D-4EDC-995B-5C23F1AB784F}.Debug|Win32.Build.0 = Debug|Win32
		{C4A0F34A-853D-4EDC-995B-5C23F1AB784F}.Release|Win32.ActiveCfg = Release|Win32
		{C4A0F34A-853D-4EDC-995B-5C23F1AB784F}.Release|Win32.Build.0 = Release|Win32
		{D3579D8B-235F-4636-B9C9-F992C406D57D}.Debug|Win32.ActiveCfg = Debug|Win32
		{D3579D8B-235F-4636-B9C9-F992C406D57D}.Debug|Win32.Build.0 = Debug|Win32
		{D3579D8B-235F-4636-B9C9-F992C406D57D}.Release|Win32.ActiveCfg = Release|Win32
		{D3579D8B-235F-4636-B9C9-F992C406D57D}.Release|Win32.Build.0 = Release|Win32
		{966B5C87-DE47-47AE-939D-496D70036C50}.Debug|Win32.ActiveCfg = Debug|Win32
		{966B5C87-DE47-47AE-939D-496D70036C50}.Debug|Win32.Build.0 = Debug|Win32
		{966B5C87-DE47-47AE-939D-496D70036C50}.Release|Win32.ActiveCfg = Release|Win32
		{966B5C87-DE47-47AE-939D-496D70036C50}.Release|Win32.Build.0 = Release|Win32
		{588722F3-F06F-4BEB-A8E5-71A72FDFB5A6}.Debug|Win32.ActiveCfg = Debug|Win32
		{588722F3-F06F-4BEB-A8E5-71A72FDFB5A6}.Debug|Win32.Build.0 = Debug|Win32
		{588722F3-F06F-4BEB-A8E5-71A72FDFB5A6}.Release|Win32.ActiveCfg = Release|Win32
		{588722F3-F06F-4BEB-A8E5-71A72FDFB5A6}.Release|Win32.Build.0 = Release|Win32
		{BFC58329-0E17-41AC-81A5-EE3328E979D8}.Debug|Win32.ActiveCfg = Debug|Win32
		{BFC58329-0E17-41AC-81A5-EE3328E979D8}.Debug|Win32.Build.0 = Debug|Win32
		{BFC58329-0E17-41AC-81A5-EE3328E979D8}.Release|Win32.ActiveCfg = Release|Win32
		{BFC58329-0E17-41AC-81A5-EE3328E979D8}.Release|Win32.Build.0 = Release|Win32
		{3C506794-32CB-431B-A984-E07FD64A0BD2}.Debug|Win32.ActiveCfg = Debug|Win32
		{3C506794-32CB-431B-A984-E07FD64A0BD2}.Debug|Win32.Build.0 = Debug|Win32
		{3C506794-32CB-431B-A984-E07FD64A0BD2}.Release|Win32.ActiveCfg = Release|Win32
		{3C506794-32CB-431B-A984-E07FD64A0BD2}.Release|Win32.Build.0 = Release|Win32
		{55DE8981-D1C0-423D-BAA5-60B3E1E5C47F}.Debug|Win32.ActiveCfg = Debug|Win32
		{55DE8981-D1C0-423D-BAA5-60B3E1E5C47F}.Debug|Win32.Build.0 = Debug|Win32
		{55DE8981-D1C0-423D-BAA5-60B3E1E5C47F}.Release|Win32.ActiveCfg = Release|Win32
		{55DE8981-D1C0-423D-BAA5-60B3E1E5C47F}.Release|Win32.Build.0 = Release|Win32
		{93B837AD-AD5A-4FD7-BF91-54390126C987}.Debug|Win32.ActiveCfg = Debug|Win32
		{93B837AD-AD5A-4FD7-BF91-54390126C987}.Debug|Win32.Build.0 = Debug|Win32
		{93B837AD-AD5A-4FD7-BF91-54390126C987}.Release|Win32.ActiveCfg = Release|Win32
		{93B837AD-AD5A-4FD7-BF91-54390126C987}.Release|Win32.Build.0 = Release|Win32
		{6D614A32-96D2-458F-9D96-1112537682CA}.Debug|Win32.ActiveCfg = Debug|Win32
		{6D614A32-96D2-458F-9D96-1112537682CA}.Debug|Win32.Build.0 = Debug|Win32
		{6D614A32-96D2-458F-9D96-1112537682CA}.Release|Win32.ActiveCfg = Release|Win32
		{6D614A32-96D2-458F-9D96-1112537682CA}.Release|Win32.Build.0 = Release|Win32
		{A0CE9D0C-EE4C-4AA8-863B-DD293EBBDFCC}.Debug|Win32.ActiveCfg = Debug|Win32
		{A0CE9D0C-EE4C-4AA8-863B-DD293EBBDFCC}.Debug|Win32.Build.0 = Debug|Win32
		{A0CE9D0C-EE4C-4AA8-863B-DD293EBBDFCC}.Release|Win32.ActiveCfg = Release|Win32
		{A0CE9D0C-EE4C-4AA8-863B-DD293EBBDFCC}.Release|Win32.Build.0 = Release|Win32
		{FAE1A853-61DE-4BA4-A2D7-B88CD7AD7A4C}.Debug|Win32.ActiveCfg = Debug|Win32
		{FAE1A853-61DE-4BA4-A2D7-B88CD7AD7A4C}.Debug|Win32.Build.0 = Debug|Win32
		{FAE1A853-61DE-4BA4-A2D7-B88CD7AD7A4C}.Release|Win32.ActiveCfg = Release|Win32
		{FAE1A853-61DE-4BA4-A2D7-B88CD7AD7A4C}.Release|Win32.Build.0 = Release|Win32
		{2BC56A24-C06B-4D32-863E-61BC4C37B368}.Debug|Win32.ActiveCfg = Debug|Win32
		{2BC56A24-C06B-4D32-863E-61BC4C37B368}.Debug|Win32.Build.0 = Debug|Win32
		{2BC56A24-C06B-4D32-863E-61BC4C37B368}.Release|Win32.ActiveCfg = Release|Win32
		{2BC56A24-C06B-4D32-863E-61BC4C37B368}.Release|Win32.Build.0 = Release|Win32
		{E2FB7EA0-C4ED-4634-997B-4B0637E2049D}.Debug|Win32.ActiveCfg = Debug|Win32
		{E2FB7EA0-C4ED-4634-997B-4B0637E2049D}.Debug|Win32.Build.0 = Debug|Win32
		{E2FB7EA0-C4ED-4634-997B-4B0637E2049D}.Release|Win32.ActiveCfg = Release|Win32
		{E2FB7EA0-C4ED-4634-997B-4B0637E2049D}.Release|Win32.Build.0 = Release|Win32
		{5E8C2C83-BA71-4500-BEB0-E5C07E4B7DE4}.Debug|Win32.ActiveCfg = Debug|Win32
		{5E8C2C83-BA71-4500-BEB0-E5C07E4B7DE4}.Debug|Win32.Build.0 = Debug|Win32
		{5E8C2C83-BA71-4500-BEB0-E5C07E4B7DE4}.Release|Win32.ActiveCfg = Release|Win32
		{5E8C2C83-BA71-4500-BEB0-E5C07E4B7DE4}.Release|Win32.Build.0 = Release|Win32
		{799D9748-F855-4EE8-ACFA-9CE02F33EE13}.Debug|Win32.ActiveCfg = Debug|Win32
		{799D9748-F855-4EE8-ACFA-9CE02F33EE13}.Debug|Win32.Build.0 = Debug|Win32
		{799D9748-F855-4EE8-ACFA-9CE02F33EE13}.Release|Win32.ActiveCfg = Release|Win32
		{799D9748-F855-4EE8-ACFA-9CE02F33EE13}.Release|Win32.Build.0 = Release|Win32
		{75A5E25F-89D1-47F4-BE4F-5D548AA9FB9F}.Debug|Win32.ActiveCfg = Debug|Win32
		{75A5E25F-89D1-47F4-BE4F-5D548AA9FB9F}.Debug|Win32.Build.0 = Debug|Win32
		{75A5E25F-89D1-47F4-BE4F-5D548AA9FB9F}.Release|Win32.ActiveCfg = Release|Win32
		{75A5E25F-89D1-47F4-BE4F-5D548AA9FB9F}.Release|Win32.Build.0 = Release|Win32
		{801FDF6D-DC23-4C5F-92AB-5B7A632EB172}.Debug|Win32.ActiveCfg = Debug|Win32
		{801FDF6D-DC23-4C5F-92AB-5B7A632EB172}.Debug|Win32.Build.0 = Debug|Win32
		{801FDF6D-DC23-4C5F-92AB-5B7A632EB172}.Release|Win32.ActiveCfg = Release|Win32
		{801FDF6D-DC23-4C5F-92AB-5B7A632EB172}.Release|Win32.Build.0 = Release|Win32
		{91F93763-2515-4C7D-8921-1E71E2E639E6}.Debug|Win32.ActiveCfg = Debug|Win32
		{91F93763-2515-4C7D-8921-1E71E2E639E6}.Debug|Win32.Build.0 = Debug|Win32
		{91F93763-2515-4C7D-8921-1E71E2E639E6}.Release|Win32.ActiveCfg = Release|Win32
		{91F93763-2515-4C7D-8921-1E71E2E639E6}.Release|Win32.Build.0 = Release|Win32
		{0124D782-56DE-4AF0-88D3-B94E5FED2AE9}.Debug|Win32.ActiveCfg = Debug|Win32
		{0124D782-56DE-4AF0-88D3-B94E5FED2AE9}.Debug|Win32.Build.0 = Debug|Win32
		{0124D782-56DE-4AF0-88D3-B94E5FED2AE9}.Release|Win32.ActiveCfg = Release|Win32
		{0124D782-56DE-4AF0-88D3-B94E5FED2AE9}.Release|Win32.Build.0 = Release|Win32
		{42BD8D7A-5458-40A4-898D-AB083E141F91}.Debug|Win32.ActiveCfg = Debug|Win32
		{42BD8D7A-5458-40A4-898D-AB083E141F91}.Debug|Win32.Build.0 = Debug|Win32
		{42BD8D7A-5458-40A4-898D-AB083E141F91}.Release|Win32.ActiveCfg = Release|Win32
		{42BD8D7A-5458-40A4-898D-AB083E141F91}.Release|Win32.Build.0 = Release|Win32
	EndGlobalSection
	GlobalSection(SolutionProperties) = preSolution
		HideSolutionNode = FALSE
	EndGlobalSection
EndGlobal
